
Microsoft Visual Studio Solution File, Format Version 12.00
# Visual Studio Version 17
VisualStudioVersion = 17.9.34728.123
MinimumVisualStudioVersion = 10.0.40219.1
Project("{FAE04EC0-301F-11D3-BF4B-00C04F79EFBC}") = "Backend-dotnet8", "Backend-dotnet8\Backend-dotnet8.csproj", "{A2A7DAF4-113B-4386-A6B2-F00236091086}"
EndProject
Global
	GlobalSection(SolutionConfigurationPlatforms) = preSolution
		Debug|Any CPU = Debug|Any CPU
		Release|Any CPU = Release|Any CPU
	EndGlobalSection
	GlobalSection(ProjectConfigurationPlatforms) = postSolution
		{A2A7DAF4-113B-4386-A6B2-F00236091086}.Debug|Any CPU.ActiveCfg = Debug|Any CPU
		{A2A7DAF4-113B-4386-A6B2-F00236091086}.Debug|Any CPU.Build.0 = Debug|Any CPU
		{A2A7DAF4-113B-4386-A6B2-F00236091086}.Release|Any CPU.ActiveCfg = Release|Any CPU
		{A2A7DAF4-113B-4386-A6B2-F00236091086}.Release|Any CPU.Build.0 = Release|Any CPU
	EndGlobalSection
	GlobalSection(SolutionProperties) = preSolution
		HideSolutionNode = FALSE
	EndGlobalSection
	GlobalSection(ExtensibilityGlobals) = postSolution
		SolutionGuid = {20F468E1-3758-47D8-82BA-793508622359}
	EndGlobalSection
EndGlobal
